// !$*UTF8*$!
{
	archiveVersion = 1;
	classes = {
	};
	objectVersion = 46;
	objects = {

/* Begin PBXBuildFile section */
		1805CE6016B649F30052FBFD /* UIKit.framework in Frameworks */ = {isa = PBXBuildFile; fileRef = 1805CE5F16B649F30052FBFD /* UIKit.framework */; };
		1805CE6216B649F30052FBFD /* Foundation.framework in Frameworks */ = {isa = PBXBuildFile; fileRef = 1805CE6116B649F30052FBFD /* Foundation.framework */; };
		1805CE6416B649F30052FBFD /* CoreGraphics.framework in Frameworks */ = {isa = PBXBuildFile; fileRef = 1805CE6316B649F30052FBFD /* CoreGraphics.framework */; };
		1805CE6A16B649F30052FBFD /* InfoPlist.strings in Resources */ = {isa = PBXBuildFile; fileRef = 1805CE6816B649F30052FBFD /* InfoPlist.strings */; };
		1805CE6C16B649F30052FBFD /* main.m in Sources */ = {isa = PBXBuildFile; fileRef = 1805CE6B16B649F30052FBFD /* main.m */; };
		1805CE7016B649F30052FBFD /* DPAppDelegate.m in Sources */ = {isa = PBXBuildFile; fileRef = 1805CE6F16B649F30052FBFD /* DPAppDelegate.m */; };
		1805CE7216B649F30052FBFD /* Default.png in Resources */ = {isa = PBXBuildFile; fileRef = 1805CE7116B649F30052FBFD /* Default.png */; };
		1805CE7416B649F30052FBFD /* Default@2x.png in Resources */ = {isa = PBXBuildFile; fileRef = 1805CE7316B649F30052FBFD /* Default@2x.png */; };
		1805CE7616B649F30052FBFD /* Default-568h@2x.png in Resources */ = {isa = PBXBuildFile; fileRef = 1805CE7516B649F30052FBFD /* Default-568h@2x.png */; };
		1805CE7F16B650750052FBFD /* DPAPI.m in Sources */ = {isa = PBXBuildFile; fileRef = 1805CE7E16B650750052FBFD /* DPAPI.m */; };
		1805CE8216B66A1C0052FBFD /* DPRequest.m in Sources */ = {isa = PBXBuildFile; fileRef = 1805CE8116B66A1C0052FBFD /* DPRequest.m */; };
		1805CEA216B67FEA0052FBFD /* NSObject+SBJson.m in Sources */ = {isa = PBXBuildFile; fileRef = 1805CE8A16B67FEA0052FBFD /* NSObject+SBJson.m */; };
		1805CEA316B67FEA0052FBFD /* SBJsonParser.m in Sources */ = {isa = PBXBuildFile; fileRef = 1805CE8D16B67FEA0052FBFD /* SBJsonParser.m */; };
		1805CEA416B67FEA0052FBFD /* SBJsonStreamParser.m in Sources */ = {isa = PBXBuildFile; fileRef = 1805CE8F16B67FEA0052FBFD /* SBJsonStreamParser.m */; };
		1805CEA516B67FEA0052FBFD /* SBJsonStreamParserAccumulator.m in Sources */ = {isa = PBXBuildFile; fileRef = 1805CE9116B67FEA0052FBFD /* SBJsonStreamParserAccumulator.m */; };
		1805CEA616B67FEA0052FBFD /* SBJsonStreamParserAdapter.m in Sources */ = {isa = PBXBuildFile; fileRef = 1805CE9316B67FEA0052FBFD /* SBJsonStreamParserAdapter.m */; };
		1805CEA716B67FEA0052FBFD /* SBJsonStreamParserState.m in Sources */ = {isa = PBXBuildFile; fileRef = 1805CE9516B67FEA0052FBFD /* SBJsonStreamParserState.m */; };
		1805CEA816B67FEA0052FBFD /* SBJsonStreamWriter.m in Sources */ = {isa = PBXBuildFile; fileRef = 1805CE9716B67FEA0052FBFD /* SBJsonStreamWriter.m */; };
		1805CEA916B67FEA0052FBFD /* SBJsonStreamWriterAccumulator.m in Sources */ = {isa = PBXBuildFile; fileRef = 1805CE9916B67FEA0052FBFD /* SBJsonStreamWriterAccumulator.m */; };
		1805CEAA16B67FEA0052FBFD /* SBJsonStreamWriterState.m in Sources */ = {isa = PBXBuildFile; fileRef = 1805CE9B16B67FEA0052FBFD /* SBJsonStreamWriterState.m */; };
		1805CEAB16B67FEA0052FBFD /* SBJsonTokeniser.m in Sources */ = {isa = PBXBuildFile; fileRef = 1805CE9D16B67FEA0052FBFD /* SBJsonTokeniser.m */; };
		1805CEAC16B67FEA0052FBFD /* SBJsonUTF8Stream.m in Sources */ = {isa = PBXBuildFile; fileRef = 1805CE9F16B67FEA0052FBFD /* SBJsonUTF8Stream.m */; };
		1805CEAD16B67FEA0052FBFD /* SBJsonWriter.m in Sources */ = {isa = PBXBuildFile; fileRef = 1805CEA116B67FEA0052FBFD /* SBJsonWriter.m */; };
		1805CEBE16B68F3F0052FBFD /* DPViewController.m in Sources */ = {isa = PBXBuildFile; fileRef = 1805CEBC16B68F3F0052FBFD /* DPViewController.m */; };
		1805CEBF16B68F3F0052FBFD /* DPViewController.xib in Resources */ = {isa = PBXBuildFile; fileRef = 1805CEBD16B68F3F0052FBFD /* DPViewController.xib */; };
/* End PBXBuildFile section */

/* Begin PBXFileReference section */
		1805CE5B16B649F30052FBFD /* apidemo.app */ = {isa = PBXFileReference; explicitFileType = wrapper.application; includeInIndex = 0; path = apidemo.app; sourceTree = BUILT_PRODUCTS_DIR; };
		1805CE5F16B649F30052FBFD /* UIKit.framework */ = {isa = PBXFileReference; lastKnownFileType = wrapper.framework; name = UIKit.framework; path = System/Library/Frameworks/UIKit.framework; sourceTree = SDKROOT; };
		1805CE6116B649F30052FBFD /* Foundation.framework */ = {isa = PBXFileReference; lastKnownFileType = wrapper.framework; name = Foundation.framework; path = System/Library/Frameworks/Foundation.framework; sourceTree = SDKROOT; };
		1805CE6316B649F30052FBFD /* CoreGraphics.framework */ = {isa = PBXFileReference; lastKnownFileType = wrapper.framework; name = CoreGraphics.framework; path = System/Library/Frameworks/CoreGraphics.framework; sourceTree = SDKROOT; };
		1805CE6716B649F30052FBFD /* apidemo-Info.plist */ = {isa = PBXFileReference; lastKnownFileType = text.plist.xml; path = "apidemo-Info.plist"; sourceTree = "<group>"; };
		1805CE6916B649F30052FBFD /* en */ = {isa = PBXFileReference; lastKnownFileType = text.plist.strings; name = en; path = en.lproj/InfoPlist.strings; sourceTree = "<group>"; };
		1805CE6B16B649F30052FBFD /* main.m */ = {isa = PBXFileReference; lastKnownFileType = sourcecode.c.objc; path = main.m; sourceTree = "<group>"; };
		1805CE6D16B649F30052FBFD /* apidemo-Prefix.pch */ = {isa = PBXFileReference; lastKnownFileType = sourcecode.c.h; path = "apidemo-Prefix.pch"; sourceTree = "<group>"; };
		1805CE6E16B649F30052FBFD /* DPAppDelegate.h */ = {isa = PBXFileReference; lastKnownFileType = sourcecode.c.h; path = DPAppDelegate.h; sourceTree = "<group>"; };
		1805CE6F16B649F30052FBFD /* DPAppDelegate.m */ = {isa = PBXFileReference; lastKnownFileType = sourcecode.c.objc; path = DPAppDelegate.m; sourceTree = "<group>"; };
		1805CE7116B649F30052FBFD /* Default.png */ = {isa = PBXFileReference; lastKnownFileType = image.png; path = Default.png; sourceTree = "<group>"; };
		1805CE7316B649F30052FBFD /* Default@2x.png */ = {isa = PBXFileReference; lastKnownFileType = image.png; path = "Default@2x.png"; sourceTree = "<group>"; };
		1805CE7516B649F30052FBFD /* Default-568h@2x.png */ = {isa = PBXFileReference; lastKnownFileType = image.png; path = "Default-568h@2x.png"; sourceTree = "<group>"; };
		1805CE7D16B650750052FBFD /* DPAPI.h */ = {isa = PBXFileReference; fileEncoding = 4; lastKnownFileType = sourcecode.c.h; path = DPAPI.h; sourceTree = "<group>"; };
		1805CE7E16B650750052FBFD /* DPAPI.m */ = {isa = PBXFileReference; fileEncoding = 4; lastKnownFileType = sourcecode.c.objc; path = DPAPI.m; sourceTree = "<group>"; };
		1805CE8016B66A1C0052FBFD /* DPRequest.h */ = {isa = PBXFileReference; fileEncoding = 4; lastKnownFileType = sourcecode.c.h; path = DPRequest.h; sourceTree = "<group>"; };
		1805CE8116B66A1C0052FBFD /* DPRequest.m */ = {isa = PBXFileReference; fileEncoding = 4; lastKnownFileType = sourcecode.c.objc; path = DPRequest.m; sourceTree = "<group>"; };
		1805CE8316B66E8D0052FBFD /* DPConstants.h */ = {isa = PBXFileReference; lastKnownFileType = sourcecode.c.h; path = DPConstants.h; sourceTree = "<group>"; };
		1805CE8916B67FEA0052FBFD /* NSObject+SBJson.h */ = {isa = PBXFileReference; fileEncoding = 4; lastKnownFileType = sourcecode.c.h; path = "NSObject+SBJson.h"; sourceTree = "<group>"; };
		1805CE8A16B67FEA0052FBFD /* NSObject+SBJson.m */ = {isa = PBXFileReference; fileEncoding = 4; lastKnownFileType = sourcecode.c.objc; path = "NSObject+SBJson.m"; sourceTree = "<group>"; };
		1805CE8B16B67FEA0052FBFD /* SBJson.h */ = {isa = PBXFileReference; fileEncoding = 4; lastKnownFileType = sourcecode.c.h; path = SBJson.h; sourceTree = "<group>"; };
		1805CE8C16B67FEA0052FBFD /* SBJsonParser.h */ = {isa = PBXFileReference; fileEncoding = 4; lastKnownFileType = sourcecode.c.h; path = SBJsonParser.h; sourceTree = "<group>"; };
		1805CE8D16B67FEA0052FBFD /* SBJsonParser.m */ = {isa = PBXFileReference; fileEncoding = 4; lastKnownFileType = sourcecode.c.objc; path = SBJsonParser.m; sourceTree = "<group>"; };
		1805CE8E16B67FEA0052FBFD /* SBJsonStreamParser.h */ = {isa = PBXFileReference; fileEncoding = 4; lastKnownFileType = sourcecode.c.h; path = SBJsonStreamParser.h; sourceTree = "<group>"; };
		1805CE8F16B67FEA0052FBFD /* SBJsonStreamParser.m */ = {isa = PBXFileReference; fileEncoding = 4; lastKnownFileType = sourcecode.c.objc; path = SBJsonStreamParser.m; sourceTree = "<group>"; };
		1805CE9016B67FEA0052FBFD /* SBJsonStreamParserAccumulator.h */ = {isa = PBXFileReference; fileEncoding = 4; lastKnownFileType = sourcecode.c.h; path = SBJsonStreamParserAccumulator.h; sourceTree = "<group>"; };
		1805CE9116B67FEA0052FBFD /* SBJsonStreamParserAccumulator.m */ = {isa = PBXFileReference; fileEncoding = 4; lastKnownFileType = sourcecode.c.objc; path = SBJsonStreamParserAccumulator.m; sourceTree = "<group>"; };
		1805CE9216B67FEA0052FBFD /* SBJsonStreamParserAdapter.h */ = {isa = PBXFileReference; fileEncoding = 4; lastKnownFileType = sourcecode.c.h; path = SBJsonStreamParserAdapter.h; sourceTree = "<group>"; };
		1805CE9316B67FEA0052FBFD /* SBJsonStreamParserAdapter.m */ = {isa = PBXFileReference; fileEncoding = 4; lastKnownFileType = sourcecode.c.objc; path = SBJsonStreamParserAdapter.m; sourceTree = "<group>"; };
		1805CE9416B67FEA0052FBFD /* SBJsonStreamParserState.h */ = {isa = PBXFileReference; fileEncoding = 4; lastKnownFileType = sourcecode.c.h; path = SBJsonStreamParserState.h; sourceTree = "<group>"; };
		1805CE9516B67FEA0052FBFD /* SBJsonStreamParserState.m */ = {isa = PBXFileReference; fileEncoding = 4; lastKnownFileType = sourcecode.c.objc; path = SBJsonStreamParserState.m; sourceTree = "<group>"; };
		1805CE9616B67FEA0052FBFD /* SBJsonStreamWriter.h */ = {isa = PBXFileReference; fileEncoding = 4; lastKnownFileType = sourcecode.c.h; path = SBJsonStreamWriter.h; sourceTree = "<group>"; };
		1805CE9716B67FEA0052FBFD /* SBJsonStreamWriter.m */ = {isa = PBXFileReference; fileEncoding = 4; lastKnownFileType = sourcecode.c.objc; path = SBJsonStreamWriter.m; sourceTree = "<group>"; };
		1805CE9816B67FEA0052FBFD /* SBJsonStreamWriterAccumulator.h */ = {isa = PBXFileReference; fileEncoding = 4; lastKnownFileType = sourcecode.c.h; path = SBJsonStreamWriterAccumulator.h; sourceTree = "<group>"; };
		1805CE9916B67FEA0052FBFD /* SBJsonStreamWriterAccumulator.m */ = {isa = PBXFileReference; fileEncoding = 4; lastKnownFileType = sourcecode.c.objc; path = SBJsonStreamWriterAccumulator.m; sourceTree = "<group>"; };
		1805CE9A16B67FEA0052FBFD /* SBJsonStreamWriterState.h */ = {isa = PBXFileReference; fileEncoding = 4; lastKnownFileType = sourcecode.c.h; path = SBJsonStreamWriterState.h; sourceTree = "<group>"; };
		1805CE9B16B67FEA0052FBFD /* SBJsonStreamWriterState.m */ = {isa = PBXFileReference; fileEncoding = 4; lastKnownFileType = sourcecode.c.objc; path = SBJsonStreamWriterState.m; sourceTree = "<group>"; };
		1805CE9C16B67FEA0052FBFD /* SBJsonTokeniser.h */ = {isa = PBXFileReference; fileEncoding = 4; lastKnownFileType = sourcecode.c.h; path = SBJsonTokeniser.h; sourceTree = "<group>"; };
		1805CE9D16B67FEA0052FBFD /* SBJsonTokeniser.m */ = {isa = PBXFileReference; fileEncoding = 4; lastKnownFileType = sourcecode.c.objc; path = SBJsonTokeniser.m; sourceTree = "<group>"; };
		1805CE9E16B67FEA0052FBFD /* SBJsonUTF8Stream.h */ = {isa = PBXFileReference; fileEncoding = 4; lastKnownFileType = sourcecode.c.h; path = SBJsonUTF8Stream.h; sourceTree = "<group>"; };
		1805CE9F16B67FEA0052FBFD /* SBJsonUTF8Stream.m */ = {isa = PBXFileReference; fileEncoding = 4; lastKnownFileType = sourcecode.c.objc; path = SBJsonUTF8Stream.m; sourceTree = "<group>"; };
		1805CEA016B67FEA0052FBFD /* SBJsonWriter.h */ = {isa = PBXFileReference; fileEncoding = 4; lastKnownFileType = sourcecode.c.h; path = SBJsonWriter.h; sourceTree = "<group>"; };
		1805CEA116B67FEA0052FBFD /* SBJsonWriter.m */ = {isa = PBXFileReference; fileEncoding = 4; lastKnownFileType = sourcecode.c.objc; path = SBJsonWriter.m; sourceTree = "<group>"; };
		1805CEBB16B68F3F0052FBFD /* DPViewController.h */ = {isa = PBXFileReference; fileEncoding = 4; lastKnownFileType = sourcecode.c.h; path = DPViewController.h; sourceTree = "<group>"; };
		1805CEBC16B68F3F0052FBFD /* DPViewController.m */ = {isa = PBXFileReference; fileEncoding = 4; lastKnownFileType = sourcecode.c.objc; path = DPViewController.m; sourceTree = "<group>"; };
		1805CEBD16B68F3F0052FBFD /* DPViewController.xib */ = {isa = PBXFileReference; fileEncoding = 4; lastKnownFileType = file.xib; path = DPViewController.xib; sourceTree = "<group>"; };
/* End PBXFileReference section */

/* Begin PBXFrameworksBuildPhase section */
		1805CE5816B649F30052FBFD /* Frameworks */ = {
			isa = PBXFrameworksBuildPhase;
			buildActionMask = 2147483647;
			files = (
				1805CE6016B649F30052FBFD /* UIKit.framework in Frameworks */,
				1805CE6216B649F30052FBFD /* Foundation.framework in Frameworks */,
				1805CE6416B649F30052FBFD /* CoreGraphics.framework in Frameworks */,
			);
			runOnlyForDeploymentPostprocessing = 0;
		};
/* End PBXFrameworksBuildPhase section */

/* Begin PBXGroup section */
		1805CE5016B649F30052FBFD = {
			isa = PBXGroup;
			children = (
				1805CE6516B649F30052FBFD /* apidemo */,
				1805CE7C16B64E9B0052FBFD /* dianpingapi */,
				1805CE8816B67FEA0052FBFD /* SBJson */,
				1805CE5E16B649F30052FBFD /* Frameworks */,
				1805CE5C16B649F30052FBFD /* Products */,
			);
			sourceTree = "<group>";
		};
		1805CE5C16B649F30052FBFD /* Products */ = {
			isa = PBXGroup;
			children = (
				1805CE5B16B649F30052FBFD /* apidemo.app */,
			);
			name = Products;
			sourceTree = "<group>";
		};
		1805CE5E16B649F30052FBFD /* Frameworks */ = {
			isa = PBXGroup;
			children = (
				1805CE5F16B649F30052FBFD /* UIKit.framework */,
				1805CE6116B649F30052FBFD /* Foundation.framework */,
				1805CE6316B649F30052FBFD /* CoreGraphics.framework */,
			);
			name = Frameworks;
			sourceTree = "<group>";
		};
		1805CE6516B649F30052FBFD /* apidemo */ = {
			isa = PBXGroup;
			children = (
				1805CE6E16B649F30052FBFD /* DPAppDelegate.h */,
				1805CE6F16B649F30052FBFD /* DPAppDelegate.m */,
				1805CEBB16B68F3F0052FBFD /* DPViewController.h */,
				1805CEBC16B68F3F0052FBFD /* DPViewController.m */,
				1805CEBD16B68F3F0052FBFD /* DPViewController.xib */,
				1805CE6616B649F30052FBFD /* Supporting Files */,
			);
			path = apidemo;
			sourceTree = "<group>";
		};
		1805CE6616B649F30052FBFD /* Supporting Files */ = {
			isa = PBXGroup;
			children = (
				1805CE6716B649F30052FBFD /* apidemo-Info.plist */,
				1805CE6816B649F30052FBFD /* InfoPlist.strings */,
				1805CE6B16B649F30052FBFD /* main.m */,
				1805CE6D16B649F30052FBFD /* apidemo-Prefix.pch */,
				1805CE7116B649F30052FBFD /* Default.png */,
				1805CE7316B649F30052FBFD /* Default@2x.png */,
				1805CE7516B649F30052FBFD /* Default-568h@2x.png */,
			);
			name = "Supporting Files";
			sourceTree = "<group>";
		};
		1805CE7C16B64E9B0052FBFD /* dianpingapi */ = {
			isa = PBXGroup;
			children = (
				1805CE7D16B650750052FBFD /* DPAPI.h */,
				1805CE7E16B650750052FBFD /* DPAPI.m */,
				1805CE8016B66A1C0052FBFD /* DPRequest.h */,
				1805CE8116B66A1C0052FBFD /* DPRequest.m */,
				1805CE8316B66E8D0052FBFD /* DPConstants.h */,
			);
			name = dianpingapi;
			path = apidemo/dianpingapi;
			sourceTree = "<group>";
		};
		1805CE8816B67FEA0052FBFD /* SBJson */ = {
			isa = PBXGroup;
			children = (
				1805CE8916B67FEA0052FBFD /* NSObject+SBJson.h */,
				1805CE8A16B67FEA0052FBFD /* NSObject+SBJson.m */,
				1805CE8B16B67FEA0052FBFD /* SBJson.h */,
				1805CE8C16B67FEA0052FBFD /* SBJsonParser.h */,
				1805CE8D16B67FEA0052FBFD /* SBJsonParser.m */,
				1805CE8E16B67FEA0052FBFD /* SBJsonStreamParser.h */,
				1805CE8F16B67FEA0052FBFD /* SBJsonStreamParser.m */,
				1805CE9016B67FEA0052FBFD /* SBJsonStreamParserAccumulator.h */,
				1805CE9116B67FEA0052FBFD /* SBJsonStreamParserAccumulator.m */,
				1805CE9216B67FEA0052FBFD /* SBJsonStreamParserAdapter.h */,
				1805CE9316B67FEA0052FBFD /* SBJsonStreamParserAdapter.m */,
				1805CE9416B67FEA0052FBFD /* SBJsonStreamParserState.h */,
				1805CE9516B67FEA0052FBFD /* SBJsonStreamParserState.m */,
				1805CE9616B67FEA0052FBFD /* SBJsonStreamWriter.h */,
				1805CE9716B67FEA0052FBFD /* SBJsonStreamWriter.m */,
				1805CE9816B67FEA0052FBFD /* SBJsonStreamWriterAccumulator.h */,
				1805CE9916B67FEA0052FBFD /* SBJsonStreamWriterAccumulator.m */,
				1805CE9A16B67FEA0052FBFD /* SBJsonStreamWriterState.h */,
				1805CE9B16B67FEA0052FBFD /* SBJsonStreamWriterState.m */,
				1805CE9C16B67FEA0052FBFD /* SBJsonTokeniser.h */,
				1805CE9D16B67FEA0052FBFD /* SBJsonTokeniser.m */,
				1805CE9E16B67FEA0052FBFD /* SBJsonUTF8Stream.h */,
				1805CE9F16B67FEA0052FBFD /* SBJsonUTF8Stream.m */,
				1805CEA016B67FEA0052FBFD /* SBJsonWriter.h */,
				1805CEA116B67FEA0052FBFD /* SBJsonWriter.m */,
			);
			name = SBJson;
			path = apidemo/SBJson;
			sourceTree = "<group>";
		};
/* End PBXGroup section */

/* Begin PBXNativeTarget section */
		1805CE5A16B649F30052FBFD /* apidemo */ = {
			isa = PBXNativeTarget;
			buildConfigurationList = 1805CE7916B649F30052FBFD /* Build configuration list for PBXNativeTarget "apidemo" */;
			buildPhases = (
				1805CE5716B649F30052FBFD /* Sources */,
				1805CE5816B649F30052FBFD /* Frameworks */,
				1805CE5916B649F30052FBFD /* Resources */,
			);
			buildRules = (
			);
			dependencies = (
			);
			name = apidemo;
			productName = apidemo;
			productReference = 1805CE5B16B649F30052FBFD /* apidemo.app */;
			productType = "com.apple.product-type.application";
		};
/* End PBXNativeTarget section */

/* Begin PBXProject section */
		1805CE5216B649F30052FBFD /* Project object */ = {
			isa = PBXProject;
			attributes = {
				CLASSPREFIX = DP;
				LastUpgradeCheck = 0450;
				ORGANIZATIONNAME = Dianping;
			};
			buildConfigurationList = 1805CE5516B649F30052FBFD /* Build configuration list for PBXProject "apidemo" */;
			compatibilityVersion = "Xcode 3.2";
			developmentRegion = English;
			hasScannedForEncodings = 0;
			knownRegions = (
				en,
			);
			mainGroup = 1805CE5016B649F30052FBFD;
			productRefGroup = 1805CE5C16B649F30052FBFD /* Products */;
			projectDirPath = "";
			projectRoot = "";
			targets = (
				1805CE5A16B649F30052FBFD /* apidemo */,
			);
		};
/* End PBXProject section */

/* Begin PBXResourcesBuildPhase section */
		1805CE5916B649F30052FBFD /* Resources */ = {
			isa = PBXResourcesBuildPhase;
			buildActionMask = 2147483647;
			files = (
				1805CE6A16B649F30052FBFD /* InfoPlist.strings in Resources */,
				1805CE7216B649F30052FBFD /* Default.png in Resources */,
				1805CE7416B649F30052FBFD /* Default@2x.png in Resources */,
				1805CE7616B649F30052FBFD /* Default-568h@2x.png in Resources */,
				1805CEBF16B68F3F0052FBFD /* DPViewController.xib in Resources */,
			);
			runOnlyForDeploymentPostprocessing = 0;
		};
/* End PBXResourcesBuildPhase section */

/* Begin PBXSourcesBuildPhase section */
		1805CE5716B649F30052FBFD /* Sources */ = {
			isa = PBXSourcesBuildPhase;
			buildActionMask = 2147483647;
			files = (
				1805CE6C16B649F30052FBFD /* main.m in Sources */,
				1805CE7016B649F30052FBFD /* DPAppDelegate.m in Sources */,
				1805CE7F16B650750052FBFD /* DPAPI.m in Sources */,
				1805CE8216B66A1C0052FBFD /* DPRequest.m in Sources */,
				1805CEA216B67FEA0052FBFD /* NSObject+SBJson.m in Sources */,
				1805CEA316B67FEA0052FBFD /* SBJsonParser.m in Sources */,
				1805CEA416B67FEA0052FBFD /* SBJsonStreamParser.m in Sources */,
				1805CEA516B67FEA0052FBFD /* SBJsonStreamParserAccumulator.m in Sources */,
				1805CEA616B67FEA0052FBFD /* SBJsonStreamParserAdapter.m in Sources */,
				1805CEA716B67FEA0052FBFD /* SBJsonStreamParserState.m in Sources */,
				1805CEA816B67FEA0052FBFD /* SBJsonStreamWriter.m in Sources */,
				1805CEA916B67FEA0052FBFD /* SBJsonStreamWriterAccumulator.m in Sources */,
				1805CEAA16B67FEA0052FBFD /* SBJsonStreamWriterState.m in Sources */,
				1805CEAB16B67FEA0052FBFD /* SBJsonTokeniser.m in Sources */,
				1805CEAC16B67FEA0052FBFD /* SBJsonUTF8Stream.m in Sources */,
				1805CEAD16B67FEA0052FBFD /* SBJsonWriter.m in Sources */,
				1805CEBE16B68F3F0052FBFD /* DPViewController.m in Sources */,
			);
			runOnlyForDeploymentPostprocessing = 0;
		};
/* End PBXSourcesBuildPhase section */

/* Begin PBXVariantGroup section */
		1805CE6816B649F30052FBFD /* InfoPlist.strings */ = {
			isa = PBXVariantGroup;
			children = (
				1805CE6916B649F30052FBFD /* en */,
			);
			name = InfoPlist.strings;
			sourceTree = "<group>";
		};
/* End PBXVariantGroup section */

/* Begin XCBuildConfiguration section */
		1805CE7716B649F30052FBFD /* Debug */ = {
			isa = XCBuildConfiguration;
			buildSettings = {
				ALWAYS_SEARCH_USER_PATHS = NO;
				CLANG_CXX_LANGUAGE_STANDARD = "gnu++0x";
				CLANG_CXX_LIBRARY = "libc++";
				CLANG_ENABLE_OBJC_ARC = YES;
				CLANG_WARN_EMPTY_BODY = YES;
				CLANG_WARN__DUPLICATE_METHOD_MATCH = YES;
				"CODE_SIGN_IDENTITY[sdk=iphoneos*]" = "iPhone Developer";
				COPY_PHASE_STRIP = NO;
				GCC_C_LANGUAGE_STANDARD = gnu99;
				GCC_DYNAMIC_NO_PIC = NO;
				GCC_OPTIMIZATION_LEVEL = 0;
				GCC_PREPROCESSOR_DEFINITIONS = (
					"DEBUG=1",
					"$(inherited)",
				);
				GCC_SYMBOLS_PRIVATE_EXTERN = NO;
				GCC_WARN_ABOUT_RETURN_TYPE = YES;
				GCC_WARN_UNINITIALIZED_AUTOS = YES;
				GCC_WARN_UNUSED_VARIABLE = YES;
				IPHONEOS_DEPLOYMENT_TARGET = 6.0;
				SDKROOT = iphoneos;
			};
			name = Debug;
		};
		1805CE7816B649F30052FBFD /* Release */ = {
			isa = XCBuildConfiguration;
			buildSettings = {
				ALWAYS_SEARCH_USER_PATHS = NO;
				CLANG_CXX_LANGUAGE_STANDARD = "gnu++0x";
				CLANG_CXX_LIBRARY = "libc++";
				CLANG_ENABLE_OBJC_ARC = YES;
				CLANG_WARN_EMPTY_BODY = YES;
				CLANG_WARN__DUPLICATE_METHOD_MATCH = YES;
				"CODE_SIGN_IDENTITY[sdk=iphoneos*]" = "iPhone Developer";
				COPY_PHASE_STRIP = YES;
				GCC_C_LANGUAGE_STANDARD = gnu99;
				GCC_WARN_ABOUT_RETURN_TYPE = YES;
				GCC_WARN_UNINITIALIZED_AUTOS = YES;
				GCC_WARN_UNUSED_VARIABLE = YES;
				IPHONEOS_DEPLOYMENT_TARGET = 6.0;
				OTHER_CFLAGS = "-DNS_BLOCK_ASSERTIONS=1";
				SDKROOT = iphoneos;
				VALIDATE_PRODUCT = YES;
			};
			name = Release;
		};
		1805CE7A16B649F30052FBFD /* Debug */ = {
			isa = XCBuildConfiguration;
			buildSettings = {
				GCC_PRECOMPILE_PREFIX_HEADER = YES;
				GCC_PREFIX_HEADER = "apidemo/apidemo-Prefix.pch";
				INFOPLIST_FILE = "apidemo/apidemo-Info.plist";
				IPHONEOS_DEPLOYMENT_TARGET = 4.3;
				PRODUCT_NAME = "$(TARGET_NAME)";
				WRAPPER_EXTENSION = app;
			};
			name = Debug;
		};
		1805CE7B16B649F30052FBFD /* Release */ = {
			isa = XCBuildConfiguration;
			buildSettings = {
				GCC_PRECOMPILE_PREFIX_HEADER = YES;
				GCC_PREFIX_HEADER = "apidemo/apidemo-Prefix.pch";
				INFOPLIST_FILE = "apidemo/apidemo-Info.plist";
				IPHONEOS_DEPLOYMENT_TARGET = 4.3;
				PRODUCT_NAME = "$(TARGET_NAME)";
				WRAPPER_EXTENSION = app;
			};
			name = Release;
		};
/* End XCBuildConfiguration section */

/* Begin XCConfigurationList section */
		1805CE5516B649F30052FBFD /* Build configuration list for PBXProject "apidemo" */ = {
			isa = XCConfigurationList;
			buildConfigurations = (
				1805CE7716B649F30052FBFD /* Debug */,
				1805CE7816B649F30052FBFD /* Release */,
			);
			defaultConfigurationIsVisible = 0;
			defaultConfigurationName = Release;
		};
		1805CE7916B649F30052FBFD /* Build configuration list for PBXNativeTarget "apidemo" */ = {
			isa = XCConfigurationList;
			buildConfigurations = (
				1805CE7A16B649F30052FBFD /* Debug */,
				1805CE7B16B649F30052FBFD /* Release */,
			);
			defaultConfigurationIsVisible = 0;
		};
/* End XCConfigurationList section */
	};
	rootObject = 1805CE5216B649F30052FBFD /* Project object */;
}
