
Microsoft Visual Studio Solution File, Format Version 11.00
# Visual Studio 2010
Project("{FAE04EC0-301F-11D3-BF4B-00C04F79EFBC}") = "dianping-.net-samples", "dianping-.net-samples\dianping-.net-samples.csproj", "{7504FDF4-616A-47D4-9BDB-4BCA5C256573}"
EndProject
Global
	GlobalSection(SolutionConfigurationPlatforms) = preSolution
		Debug|x86 = Debug|x86
		Release|x86 = Release|x86
	EndGlobalSection
	GlobalSection(ProjectConfigurationPlatforms) = postSolution
		{7504FDF4-616A-47D4-9BDB-4BCA5C256573}.Debug|x86.ActiveCfg = Debug|x86
		{7504FDF4-616A-47D4-9BDB-4BCA5C256573}.Debug|x86.Build.0 = Debug|x86
		{7504FDF4-616A-47D4-9BDB-4BCA5C256573}.Release|x86.ActiveCfg = Release|x86
		{7504FDF4-616A-47D4-9BDB-4BCA5C256573}.Release|x86.Build.0 = Release|x86
	EndGlobalSection
	GlobalSection(SolutionProperties) = preSolution
		HideSolutionNode = FALSE
	EndGlobalSection
EndGlobal
